
Microsoft Visual Studio Solution File, Format Version 12.00
# Visual Studio Version 16
VisualStudioVersion = 16.0.30406.217
MinimumVisualStudioVersion = 10.0.40219.1
Project("{8BC9CEB8-8B4A-11D0-8D11-00A0C91BC942}") = "Test", "Test\Test.vcxproj", "{FA04ABDD-D90E-48BE-9A0F-D889045FE4CA}"
EndProject
Global
	GlobalSection(SolutionConfigurationPlatforms) = preSolution
		Debug|x64 = Debug|x64
		Debug|x86 = Debug|x86
		Release|x64 = Release|x64
		Release|x86 = Release|x86
	EndGlobalSection
	GlobalSection(ProjectConfigurationPlatforms) = postSolution
		{FA04ABDD-D90E-48BE-9A0F-D889045FE4CA}.Debug|x64.ActiveCfg = Debug|x64
		{FA04ABDD-D90E-48BE-9A0F-D889045FE4CA}.Debug|x64.Build.0 = Debug|x64
		{FA04ABDD-D90E-48BE-9A0F-D889045FE4CA}.Debug|x86.ActiveCfg = Debug|Win32
		{FA04ABDD-D90E-48BE-9A0F-D889045FE4CA}.Debug|x86.Build.0 = Debug|Win32
		{FA04ABDD-D90E-48BE-9A0F-D889045FE4CA}.Release|x64.ActiveCfg = Release|x64
		{FA04ABDD-D90E-48BE-9A0F-D889045FE4CA}.Release|x64.Build.0 = Release|x64
		{FA04ABDD-D90E-48BE-9A0F-D889045FE4CA}.Release|x86.ActiveCfg = Release|Win32
		{FA04ABDD-D90E-48BE-9A0F-D889045FE4CA}.Release|x86.Build.0 = Release|Win32
	EndGlobalSection
	GlobalSection(SolutionProperties) = preSolution
		HideSolutionNode = FALSE
	EndGlobalSection
	GlobalSection(ExtensibilityGlobals) = postSolution
		SolutionGuid = {E28965DF-A002-4134-8021-A62AFE11187B}
	EndGlobalSection
EndGlobal
